Microsoft Visual Studio Solution File, Format Version 11.00
# Visual Studio 2013
Project("{DA153449-7890-CF33-43EF-6EDDD0E0D380}") = "MPEIntroduction", "MPEIntroduction.vcxproj", "{1C8FED14-4B00-6AA5-E7C3-6FCA3B4D7969}"
EndProject
Global
	GlobalSection(SolutionConfigurationPlatforms) = preSolution
		Debug|Win32 = Debug|Win32
		Release|Win32 = Release|Win32
	EndGlobalSection
	GlobalSection(ProjectConfigurationPlatforms) = postSolution
		{1C8FED14-4B00-6AA5-E7C3-6FCA3B4D7969}.Debug|Win32.ActiveCfg = Debug|Win32
		{1C8FED14-4B00-6AA5-E7C3-6FCA3B4D7969}.Debug|Win32.Build.0 = Debug|Win32
		{1C8FED14-4B00-6AA5-E7C3-6FCA3B4D7969}.Release|Win32.ActiveCfg = Release|Win32
		{1C8FED14-4B00-6AA5-E7C3-6FCA3B4D7969}.Release|Win32.Build.0 = Release|Win32
	EndGlobalSection
	GlobalSection(SolutionProperties) = preSolution
		HideSolutionNode = FALSE
	EndGlobalSection
EndGlobal
